{
  "name": "myblog",
  "lockfileVersion": 3,
  "requires": true,
  "packages": {
    "": {
      "dependencies": {
        "stickyfilljs": "^2.1.0"
      }
    },
    "node_modules/stickyfilljs": {
      "version": "2.1.0",
      "resolved": "https://registry.npmjs.org/stickyfilljs/-/stickyfilljs-2.1.0.tgz",
      "integrity": "sha512-LkG0BXArL5HbW2O09IAXfnBQfpScgGqJuUDUrI3Ire5YKjRz/EhakIZEJogHwgXeQ4qnTicM9sK9uYfWN11qKg=="
    }
  }
}
